
Microsoft Visual Studio Solution File, Format Version 12.00
# Visual Studio Version 16
VisualStudioVersion = 16.0.30320.27
MinimumVisualStudioVersion = 10.0.40219.1
Project("{9092AA53-FB77-4645-B42D-1CCCA6BD08BD}") = "NodejsWebApp", "NodejsWebApp.njsproj", "{438E3FC5-81C9-4CB4-97E1-0DCFCA993D24}"
EndProject
Global
	GlobalSection(SolutionConfigurationPlatforms) = preSolution
		Debug|Any CPU = Debug|Any CPU
		Release|Any CPU = Release|Any CPU
	EndGlobalSection
	GlobalSection(ProjectConfigurationPlatforms) = postSolution
		{438E3FC5-81C9-4CB4-97E1-0DCFCA993D24}.Debug|Any CPU.ActiveCfg = Debug|Any CPU
		{438E3FC5-81C9-4CB4-97E1-0DCFCA993D24}.Debug|Any CPU.Build.0 = Debug|Any CPU
		{438E3FC5-81C9-4CB4-97E1-0DCFCA993D24}.Release|Any CPU.ActiveCfg = Release|Any CPU
		{438E3FC5-81C9-4CB4-97E1-0DCFCA993D24}.Release|Any CPU.Build.0 = Release|Any CPU
	EndGlobalSection
	GlobalSection(SolutionProperties) = preSolution
		HideSolutionNode = FALSE
	EndGlobalSection
	GlobalSection(ExtensibilityGlobals) = postSolution
		SolutionGuid = {979D805C-DD04-49F2-862D-CDBDA091318D}
	EndGlobalSection
EndGlobal
